
Microsoft Visual Studio Solution File, Format Version 12.00
# Visual Studio Version 17
VisualStudioVersion = 17.2.32519.379
MinimumVisualStudioVersion = 10.0.40219.1
Project("{2150E333-8FDC-42A3-9474-1A3956D46DE8}") = "Solution Items", "Solution Items", "{5E3ADCD6-E39A-4874-9993-0D1D79FF2D5C}"
	ProjectSection(SolutionItems) = preProject
		src\docker-compose.override.yml = src\docker-compose.override.yml
		src\docker-compose.yml = src\docker-compose.yml
		global.json = global.json
		README.md = README.md
	EndProjectSection
EndProject
Project("{2150E333-8FDC-42A3-9474-1A3956D46DE8}") = "src", "src", "{85CC311A-5786-497F-A2C0-19B7EF1A3FA5}"
EndProject
Project("{2150E333-8FDC-42A3-9474-1A3956D46DE8}") = "tests", "tests", "{3B563528-AB4B-4BEA-8491-F79C29D4653C}"
EndProject
Project("{2150E333-8FDC-42A3-9474-1A3956D46DE8}") = "ApiGateways", "ApiGateways", "{29D2F836-359B-4F1C-B4DF-E2973836D34E}"
EndProject
Project("{2150E333-8FDC-42A3-9474-1A3956D46DE8}") = "BuildingBlocks", "BuildingBlocks", "{FDDE6B71-BBB7-4DA7-90D8-DA5736229FDF}"
EndProject
Project("{2150E333-8FDC-42A3-9474-1A3956D46DE8}") = "Services", "Services", "{3574A55D-B581-4357-9A8B-250C1441E7AB}"
EndProject
Project("{2150E333-8FDC-42A3-9474-1A3956D46DE8}") = "WebApps", "WebApps", "{081CEEB6-BE69-48AB-A1A2-CED666BB73F6}"
EndProject
Project("{FAE04EC0-301F-11D3-BF4B-00C04F79EFBC}") = "Common.Logging", "src\BuildingBlocks\Common.Logging\Common.Logging.csproj", "{DCA3DF35-EB0F-40EB-A25F-17E01CADCF84}"
EndProject
Project("{FAE04EC0-301F-11D3-BF4B-00C04F79EFBC}") = "EventBus.Messages", "src\BuildingBlocks\EventBus.Messages\EventBus.Messages.csproj", "{D2403357-536D-45E1-A27B-41D141F93861}"
EndProject
Project("{2150E333-8FDC-42A3-9474-1A3956D46DE8}") = "Basket", "Basket", "{441266C6-C6B8-4A07-A114-7E016F0554AC}"
EndProject
Project("{2150E333-8FDC-42A3-9474-1A3956D46DE8}") = "Customer", "Customer", "{197EA308-3C92-4877-83DE-69B5D35613AF}"
EndProject
Project("{2150E333-8FDC-42A3-9474-1A3956D46DE8}") = "Inventory", "Inventory", "{13CE0029-3CA8-47B5-A2B6-C306D774EDCD}"
EndProject
Project("{2150E333-8FDC-42A3-9474-1A3956D46DE8}") = "Ordering", "Ordering", "{4951F924-4E02-42B1-89B0-2E00ACB2F7B3}"
EndProject
Project("{2150E333-8FDC-42A3-9474-1A3956D46DE8}") = "Product", "Product", "{4190696F-B14D-4CC2-9B9D-1371054F5E07}"
EndProject
Project("{2150E333-8FDC-42A3-9474-1A3956D46DE8}") = "ScheduledJob", "ScheduledJob", "{A8988BE9-2767-4F2D-9F14-80D157CC3400}"
EndProject
Project("{FAE04EC0-301F-11D3-BF4B-00C04F79EFBC}") = "WebHealthStatus", "src\WebApps\WebHealthStatus\WebHealthStatus.csproj", "{BCFCEF8B-000F-4B0D-9182-E7BFFE24701E}"
EndProject
Project("{FAE04EC0-301F-11D3-BF4B-00C04F79EFBC}") = "Basket.API", "src\Services\Basket.API\Basket.API.csproj", "{B4AFE489-2DE0-41D1-B78A-50A876B18767}"
EndProject
Project("{FAE04EC0-301F-11D3-BF4B-00C04F79EFBC}") = "Customer.API", "src\Services\Customer.API\Customer.API.csproj", "{CA2B8D8C-82DE-4871-95FD-47C6B6AAB25F}"
EndProject
Project("{FAE04EC0-301F-11D3-BF4B-00C04F79EFBC}") = "Inventory.Product.API", "src\Services\Inventory.Product.API\Inventory.Product.API.csproj", "{E49BB818-9332-4A34-9A93-0EF7D36A06B6}"
EndProject
Project("{FAE04EC0-301F-11D3-BF4B-00C04F79EFBC}") = "Ordering.API", "src\Services\Ordering.API\Ordering.API.csproj", "{4819BD70-BFB4-4D38-8CEB-F16071424880}"
EndProject
Project("{FAE04EC0-301F-11D3-BF4B-00C04F79EFBC}") = "Product.API", "src\Services\Product.API\Product.API.csproj", "{326051B8-44B0-4282-B779-F393A684921A}"
EndProject
Project("{FAE04EC0-301F-11D3-BF4B-00C04F79EFBC}") = "Contracts", "src\BuildingBlocks\Contracts\Contracts.csproj", "{3ACC0FF3-1BEC-4581-ABEA-C62B4413D081}"
EndProject
Project("{FAE04EC0-301F-11D3-BF4B-00C04F79EFBC}") = "Hangfire.API", "src\Services\Hangfire.API\Hangfire.API.csproj", "{5CC61B5B-00A8-41B5-97AB-2FE881BA46F6}"
EndProject
Project("{FAE04EC0-301F-11D3-BF4B-00C04F79EFBC}") = "Infrastructure", "src\BuildingBlocks\Infrastructure\Infrastructure.csproj", "{CA1BA7A9-7F68-44D8-8875-D94F73CE3B4B}"
EndProject
Project("{FAE04EC0-301F-11D3-BF4B-00C04F79EFBC}") = "Shared", "src\Services\Shared\Shared.csproj", "{45260DF4-3380-48AC-A34C-0B9F2757BD39}"
EndProject
Project("{FAE04EC0-301F-11D3-BF4B-00C04F79EFBC}") = "OcelotApiGw", "src\ApiGateways\OcelotApiGw\OcelotApiGw.csproj", "{63E4D395-4E5C-4BD0-85D5-78D3011FCA8F}"
EndProject
Global
	GlobalSection(SolutionConfigurationPlatforms) = preSolution
		Debug|Any CPU = Debug|Any CPU
		Release|Any CPU = Release|Any CPU
	EndGlobalSection
	GlobalSection(ProjectConfigurationPlatforms) = postSolution
		{DCA3DF35-EB0F-40EB-A25F-17E01CADCF84}.Debug|Any CPU.ActiveCfg = Debug|Any CPU
		{DCA3DF35-EB0F-40EB-A25F-17E01CADCF84}.Debug|Any CPU.Build.0 = Debug|Any CPU
		{DCA3DF35-EB0F-40EB-A25F-17E01CADCF84}.Release|Any CPU.ActiveCfg = Release|Any CPU
		{DCA3DF35-EB0F-40EB-A25F-17E01CADCF84}.Release|Any CPU.Build.0 = Release|Any CPU
		{D2403357-536D-45E1-A27B-41D141F93861}.Debug|Any CPU.ActiveCfg = Debug|Any CPU
		{D2403357-536D-45E1-A27B-41D141F93861}.Debug|Any CPU.Build.0 = Debug|Any CPU
		{D2403357-536D-45E1-A27B-41D141F93861}.Release|Any CPU.ActiveCfg = Release|Any CPU
		{D2403357-536D-45E1-A27B-41D141F93861}.Release|Any CPU.Build.0 = Release|Any CPU
		{BCFCEF8B-000F-4B0D-9182-E7BFFE24701E}.Debug|Any CPU.ActiveCfg = Debug|Any CPU
		{BCFCEF8B-000F-4B0D-9182-E7BFFE24701E}.Debug|Any CPU.Build.0 = Debug|Any CPU
		{BCFCEF8B-000F-4B0D-9182-E7BFFE24701E}.Release|Any CPU.ActiveCfg = Release|Any CPU
		{BCFCEF8B-000F-4B0D-9182-E7BFFE24701E}.Release|Any CPU.Build.0 = Release|Any CPU
		{B4AFE489-2DE0-41D1-B78A-50A876B18767}.Debug|Any CPU.ActiveCfg = Debug|Any CPU
		{B4AFE489-2DE0-41D1-B78A-50A876B18767}.Debug|Any CPU.Build.0 = Debug|Any CPU
		{B4AFE489-2DE0-41D1-B78A-50A876B18767}.Release|Any CPU.ActiveCfg = Release|Any CPU
		{B4AFE489-2DE0-41D1-B78A-50A876B18767}.Release|Any CPU.Build.0 = Release|Any CPU
		{CA2B8D8C-82DE-4871-95FD-47C6B6AAB25F}.Debug|Any CPU.ActiveCfg = Debug|Any CPU
		{CA2B8D8C-82DE-4871-95FD-47C6B6AAB25F}.Debug|Any CPU.Build.0 = Debug|Any CPU
		{CA2B8D8C-82DE-4871-95FD-47C6B6AAB25F}.Release|Any CPU.ActiveCfg = Release|Any CPU
		{CA2B8D8C-82DE-4871-95FD-47C6B6AAB25F}.Release|Any CPU.Build.0 = Release|Any CPU
		{E49BB818-9332-4A34-9A93-0EF7D36A06B6}.Debug|Any CPU.ActiveCfg = Debug|Any CPU
		{E49BB818-9332-4A34-9A93-0EF7D36A06B6}.Debug|Any CPU.Build.0 = Debug|Any CPU
		{E49BB818-9332-4A34-9A93-0EF7D36A06B6}.Release|Any CPU.ActiveCfg = Release|Any CPU
		{E49BB818-9332-4A34-9A93-0EF7D36A06B6}.Release|Any CPU.Build.0 = Release|Any CPU
		{4819BD70-BFB4-4D38-8CEB-F16071424880}.Debug|Any CPU.ActiveCfg = Debug|Any CPU
		{4819BD70-BFB4-4D38-8CEB-F16071424880}.Debug|Any CPU.Build.0 = Debug|Any CPU
		{4819BD70-BFB4-4D38-8CEB-F16071424880}.Release|Any CPU.ActiveCfg = Release|Any CPU
		{4819BD70-BFB4-4D38-8CEB-F16071424880}.Release|Any CPU.Build.0 = Release|Any CPU
		{326051B8-44B0-4282-B779-F393A684921A}.Debug|Any CPU.ActiveCfg = Debug|Any CPU
		{326051B8-44B0-4282-B779-F393A684921A}.Debug|Any CPU.Build.0 = Debug|Any CPU
		{326051B8-44B0-4282-B779-F393A684921A}.Release|Any CPU.ActiveCfg = Release|Any CPU
		{326051B8-44B0-4282-B779-F393A684921A}.Release|Any CPU.Build.0 = Release|Any CPU
		{3ACC0FF3-1BEC-4581-ABEA-C62B4413D081}.Debug|Any CPU.ActiveCfg = Debug|Any CPU
		{3ACC0FF3-1BEC-4581-ABEA-C62B4413D081}.Debug|Any CPU.Build.0 = Debug|Any CPU
		{3ACC0FF3-1BEC-4581-ABEA-C62B4413D081}.Release|Any CPU.ActiveCfg = Release|Any CPU
		{3ACC0FF3-1BEC-4581-ABEA-C62B4413D081}.Release|Any CPU.Build.0 = Release|Any CPU
		{5CC61B5B-00A8-41B5-97AB-2FE881BA46F6}.Debug|Any CPU.ActiveCfg = Debug|Any CPU
		{5CC61B5B-00A8-41B5-97AB-2FE881BA46F6}.Debug|Any CPU.Build.0 = Debug|Any CPU
		{5CC61B5B-00A8-41B5-97AB-2FE881BA46F6}.Release|Any CPU.ActiveCfg = Release|Any CPU
		{5CC61B5B-00A8-41B5-97AB-2FE881BA46F6}.Release|Any CPU.Build.0 = Release|Any CPU
		{CA1BA7A9-7F68-44D8-8875-D94F73CE3B4B}.Debug|Any CPU.ActiveCfg = Debug|Any CPU
		{CA1BA7A9-7F68-44D8-8875-D94F73CE3B4B}.Debug|Any CPU.Build.0 = Debug|Any CPU
		{CA1BA7A9-7F68-44D8-8875-D94F73CE3B4B}.Release|Any CPU.ActiveCfg = Release|Any CPU
		{CA1BA7A9-7F68-44D8-8875-D94F73CE3B4B}.Release|Any CPU.Build.0 = Release|Any CPU
		{45260DF4-3380-48AC-A34C-0B9F2757BD39}.Debug|Any CPU.ActiveCfg = Debug|Any CPU
		{45260DF4-3380-48AC-A34C-0B9F2757BD39}.Debug|Any CPU.Build.0 = Debug|Any CPU
		{45260DF4-3380-48AC-A34C-0B9F2757BD39}.Release|Any CPU.ActiveCfg = Release|Any CPU
		{45260DF4-3380-48AC-A34C-0B9F2757BD39}.Release|Any CPU.Build.0 = Release|Any CPU
		{63E4D395-4E5C-4BD0-85D5-78D3011FCA8F}.Debug|Any CPU.ActiveCfg = Debug|Any CPU
		{63E4D395-4E5C-4BD0-85D5-78D3011FCA8F}.Debug|Any CPU.Build.0 = Debug|Any CPU
		{63E4D395-4E5C-4BD0-85D5-78D3011FCA8F}.Release|Any CPU.ActiveCfg = Release|Any CPU
		{63E4D395-4E5C-4BD0-85D5-78D3011FCA8F}.Release|Any CPU.Build.0 = Release|Any CPU
	EndGlobalSection
	GlobalSection(SolutionProperties) = preSolution
		HideSolutionNode = FALSE
	EndGlobalSection
	GlobalSection(NestedProjects) = preSolution
		{29D2F836-359B-4F1C-B4DF-E2973836D34E} = {85CC311A-5786-497F-A2C0-19B7EF1A3FA5}
		{FDDE6B71-BBB7-4DA7-90D8-DA5736229FDF} = {85CC311A-5786-497F-A2C0-19B7EF1A3FA5}
		{3574A55D-B581-4357-9A8B-250C1441E7AB} = {85CC311A-5786-497F-A2C0-19B7EF1A3FA5}
		{081CEEB6-BE69-48AB-A1A2-CED666BB73F6} = {85CC311A-5786-497F-A2C0-19B7EF1A3FA5}
		{DCA3DF35-EB0F-40EB-A25F-17E01CADCF84} = {FDDE6B71-BBB7-4DA7-90D8-DA5736229FDF}
		{D2403357-536D-45E1-A27B-41D141F93861} = {FDDE6B71-BBB7-4DA7-90D8-DA5736229FDF}
		{441266C6-C6B8-4A07-A114-7E016F0554AC} = {3574A55D-B581-4357-9A8B-250C1441E7AB}
		{197EA308-3C92-4877-83DE-69B5D35613AF} = {3574A55D-B581-4357-9A8B-250C1441E7AB}
		{13CE0029-3CA8-47B5-A2B6-C306D774EDCD} = {3574A55D-B581-4357-9A8B-250C1441E7AB}
		{4951F924-4E02-42B1-89B0-2E00ACB2F7B3} = {3574A55D-B581-4357-9A8B-250C1441E7AB}
		{4190696F-B14D-4CC2-9B9D-1371054F5E07} = {3574A55D-B581-4357-9A8B-250C1441E7AB}
		{A8988BE9-2767-4F2D-9F14-80D157CC3400} = {3574A55D-B581-4357-9A8B-250C1441E7AB}
		{BCFCEF8B-000F-4B0D-9182-E7BFFE24701E} = {081CEEB6-BE69-48AB-A1A2-CED666BB73F6}
		{B4AFE489-2DE0-41D1-B78A-50A876B18767} = {441266C6-C6B8-4A07-A114-7E016F0554AC}
		{CA2B8D8C-82DE-4871-95FD-47C6B6AAB25F} = {197EA308-3C92-4877-83DE-69B5D35613AF}
		{E49BB818-9332-4A34-9A93-0EF7D36A06B6} = {13CE0029-3CA8-47B5-A2B6-C306D774EDCD}
		{4819BD70-BFB4-4D38-8CEB-F16071424880} = {4951F924-4E02-42B1-89B0-2E00ACB2F7B3}
		{326051B8-44B0-4282-B779-F393A684921A} = {4190696F-B14D-4CC2-9B9D-1371054F5E07}
		{3ACC0FF3-1BEC-4581-ABEA-C62B4413D081} = {FDDE6B71-BBB7-4DA7-90D8-DA5736229FDF}
		{5CC61B5B-00A8-41B5-97AB-2FE881BA46F6} = {A8988BE9-2767-4F2D-9F14-80D157CC3400}
		{CA1BA7A9-7F68-44D8-8875-D94F73CE3B4B} = {FDDE6B71-BBB7-4DA7-90D8-DA5736229FDF}
		{45260DF4-3380-48AC-A34C-0B9F2757BD39} = {FDDE6B71-BBB7-4DA7-90D8-DA5736229FDF}
		{63E4D395-4E5C-4BD0-85D5-78D3011FCA8F} = {29D2F836-359B-4F1C-B4DF-E2973836D34E}
	EndGlobalSection
	GlobalSection(ExtensibilityGlobals) = postSolution
		SolutionGuid = {DF8C356A-11A8-4853-9037-DD4D68590F91}
	EndGlobalSection
EndGlobal
